
Microsoft Visual Studio Solution File, Format Version 12.00
# Visual Studio 15
VisualStudioVersion = 15.0.28010.2036
MinimumVisualStudioVersion = 10.0.40219.1
Project("{FAE04EC0-301F-11D3-BF4B-00C04F79EFBC}") = "AlgorithmesGraphes", "AlgorithmesGraphes\AlgorithmesGraphes.csproj", "{1CA6A8DD-DB0F-47C7-A05E-0991F80A13CC}"
EndProject
Global
	GlobalSection(SolutionConfigurationPlatforms) = preSolution
		Debug|Any CPU = Debug|Any CPU
		Release|Any CPU = Release|Any CPU
	EndGlobalSection
	GlobalSection(ProjectConfigurationPlatforms) = postSolution
		{1CA6A8DD-DB0F-47C7-A05E-0991F80A13CC}.Debug|Any CPU.ActiveCfg = Debug|Any CPU
		{1CA6A8DD-DB0F-47C7-A05E-0991F80A13CC}.Debug|Any CPU.Build.0 = Debug|Any CPU
		{1CA6A8DD-DB0F-47C7-A05E-0991F80A13CC}.Release|Any CPU.ActiveCfg = Release|Any CPU
		{1CA6A8DD-DB0F-47C7-A05E-0991F80A13CC}.Release|Any CPU.Build.0 = Release|Any CPU
	EndGlobalSection
	GlobalSection(SolutionProperties) = preSolution
		HideSolutionNode = FALSE
	EndGlobalSection
	GlobalSection(ExtensibilityGlobals) = postSolution
		SolutionGuid = {21B58815-CAE7-42EB-AA07-F05DA03535F8}
	EndGlobalSection
EndGlobal
